{
  "requires": true,
  "lockfileVersion": 1,
  "dependencies": {
    "@sphinxxxx/color-conversion": {
      "version": "2.2.1",
      "resolved": "https://registry.npmjs.org/@sphinxxxx/color-conversion/-/color-conversion-2.2.1.tgz",
      "integrity": "sha512-5+ofCE09lF6C7DPSVyvQ2Nf0oaue3Cl+SosT45DYy5nhgUXsOq3TetArC1q8mVfAOjhG0WReQPPFBdc4xXVNkg=="
    },
    "vanilla-picker": {
      "version": "2.9.2",
      "resolved": "https://registry.npmjs.org/vanilla-picker/-/vanilla-picker-2.9.2.tgz",
      "integrity": "sha512-/VvbdCFno9jhOsqK8IVj7Jg6Cst5jeRdP9OWJo5H8R6s34mx/rTZFViucvUWyunbSML97C9SuIGZkRWEWjm3zg==",
      "requires": {
        "@sphinxxxx/color-conversion": "^2.2.1"
      }
    }
  }
}
